// !$*UTF8*$!
{
	archiveVersion = 1;
	classes = {
	};
	objectVersion = 46;
	objects = {

/* Begin PBXBuildFile section */
		28084521155599AE000690A9 /* AddressBook.framework in Frameworks */ = {isa = PBXBuildFile; fileRef = 28084520155599AE000690A9 /* AddressBook.framework */; };
		28084523155599B5000690A9 /* AddressBookUI.framework in Frameworks */ = {isa = PBXBuildFile; fileRef = 28084522155599B5000690A9 /* AddressBookUI.framework */; };
		2819E1E215490DE1002DBAED /* UIKit.framework in Frameworks */ = {isa = PBXBuildFile; fileRef = 2819E1E115490DE1002DBAED /* UIKit.framework */; };
		2819E1E415490DE1002DBAED /* Foundation.framework in Frameworks */ = {isa = PBXBuildFile; fileRef = 2819E1E315490DE1002DBAED /* Foundation.framework */; };
		2819E1E615490DE1002DBAED /* CoreGraphics.framework in Frameworks */ = {isa = PBXBuildFile; fileRef = 2819E1E515490DE1002DBAED /* CoreGraphics.framework */; };
		2819E20015490DE1002DBAED /* SenTestingKit.framework in Frameworks */ = {isa = PBXBuildFile; fileRef = 2819E1FF15490DE1002DBAED /* SenTestingKit.framework */; };
		2819E20115490DE1002DBAED /* UIKit.framework in Frameworks */ = {isa = PBXBuildFile; fileRef = 2819E1E115490DE1002DBAED /* UIKit.framework */; };
		2819E20215490DE1002DBAED /* Foundation.framework in Frameworks */ = {isa = PBXBuildFile; fileRef = 2819E1E315490DE1002DBAED /* Foundation.framework */; };
		2819E20A15490DE1002DBAED /* InfoPlist.strings in Resources */ = {isa = PBXBuildFile; fileRef = 2819E20815490DE1002DBAED /* InfoPlist.strings */; };
		2819E20D15490DE1002DBAED /* group_shareTests.m in Sources */ = {isa = PBXBuildFile; fileRef = 2819E20C15490DE1002DBAED /* group_shareTests.m */; };
		288A22191564146400BBD2C6 /* AddressBook.framework in Frameworks */ = {isa = PBXBuildFile; fileRef = 28084520155599AE000690A9 /* AddressBook.framework */; };
		288A221B1564146900BBD2C6 /* AddressBookUI.framework in Frameworks */ = {isa = PBXBuildFile; fileRef = 28084522155599B5000690A9 /* AddressBookUI.framework */; };
		288A222B1564172800BBD2C6 /* GSViewController.xib in Resources */ = {isa = PBXBuildFile; fileRef = 288A221D1564172800BBD2C6 /* GSViewController.xib */; };
		288A222C1564172800BBD2C6 /* InfoPlist.strings in Resources */ = {isa = PBXBuildFile; fileRef = 288A221F1564172800BBD2C6 /* InfoPlist.strings */; };
		288A222E1564172800BBD2C6 /* GSAppDelegate.m in Sources */ = {isa = PBXBuildFile; fileRef = 288A22241564172800BBD2C6 /* GSAppDelegate.m */; };
		288A22301564172800BBD2C6 /* GSViewController.m in Sources */ = {isa = PBXBuildFile; fileRef = 288A22291564172800BBD2C6 /* GSViewController.m */; };
		288A22311564172800BBD2C6 /* main.m in Sources */ = {isa = PBXBuildFile; fileRef = 288A222A1564172800BBD2C6 /* main.m */; };
		288A224F1564C72300BBD2C6 /* ABContact+FindCall.m in Sources */ = {isa = PBXBuildFile; fileRef = 288A22431564C72300BBD2C6 /* ABContact+FindCall.m */; };
		288A22501564C72300BBD2C6 /* ABContact.m in Sources */ = {isa = PBXBuildFile; fileRef = 288A22451564C72300BBD2C6 /* ABContact.m */; };
		288A22511564C72300BBD2C6 /* ABContactsHelper.m in Sources */ = {isa = PBXBuildFile; fileRef = 288A22471564C72300BBD2C6 /* ABContactsHelper.m */; };
		288A22521564C72300BBD2C6 /* ABGroup.m in Sources */ = {isa = PBXBuildFile; fileRef = 288A224A1564C72300BBD2C6 /* ABGroup.m */; };
		288A22531564C72300BBD2C6 /* Base64.m in Sources */ = {isa = PBXBuildFile; fileRef = 288A224C1564C72300BBD2C6 /* Base64.m */; };
		288A22541564C72300BBD2C6 /* VCard.m in Sources */ = {isa = PBXBuildFile; fileRef = 288A224E1564C72300BBD2C6 /* VCard.m */; };
		288A22571564DCB700BBD2C6 /* ABContactsTest.m in Sources */ = {isa = PBXBuildFile; fileRef = 288A22561564DCB700BBD2C6 /* ABContactsTest.m */; };
		288A225D1564E9F800BBD2C6 /* AWSiOSSDK.framework in Frameworks */ = {isa = PBXBuildFile; fileRef = 288A225C1564E9F800BBD2C6 /* AWSiOSSDK.framework */; };
		288A225E1564EA1300BBD2C6 /* AWSiOSSDK.framework in Frameworks */ = {isa = PBXBuildFile; fileRef = 288A225C1564E9F800BBD2C6 /* AWSiOSSDK.framework */; };
		288A22601564EDCB00BBD2C6 /* recive.png in Resources */ = {isa = PBXBuildFile; fileRef = 288A225F1564EDCB00BBD2C6 /* recive.png */; };
		288A227415656D3E00BBD2C6 /* AWSConstants.m in Sources */ = {isa = PBXBuildFile; fileRef = 288A227315656D3E00BBD2C6 /* AWSConstants.m */; };
		288A228B15669A9600BBD2C6 /* AsyncUploader.m in Sources */ = {isa = PBXBuildFile; fileRef = 288A228A15669A9600BBD2C6 /* AsyncUploader.m */; };
		288A228F15669B0800BBD2C6 /* AsyncDownloader.m in Sources */ = {isa = PBXBuildFile; fileRef = 288A228E15669B0800BBD2C6 /* AsyncDownloader.m */; };
		28A873A0156CAADE00138B59 /* GSAsyncCreateItem.m in Sources */ = {isa = PBXBuildFile; fileRef = 28A8739F156CAADE00138B59 /* GSAsyncCreateItem.m */; };
		28A873AB156CB7DD00138B59 /* CoreLocation.framework in Frameworks */ = {isa = PBXBuildFile; fileRef = 28A873AA156CB7DD00138B59 /* CoreLocation.framework */; };
		28C4C0EB1570B9F1001475A9 /* GSGPSController.m in Sources */ = {isa = PBXBuildFile; fileRef = 28C4C0EA1570B9F1001475A9 /* GSGPSController.m */; };
		28C4C0FB1574C432001475A9 /* GSNearPerson.m in Sources */ = {isa = PBXBuildFile; fileRef = 28C4C0FA1574C431001475A9 /* GSNearPerson.m */; };
		28C4C10315753387001475A9 /* AmazonClientManager.m in Sources */ = {isa = PBXBuildFile; fileRef = 28C4C10215753387001475A9 /* AmazonClientManager.m */; };
		28C4C106157628B4001475A9 /* GSNearPersonTest.m in Sources */ = {isa = PBXBuildFile; fileRef = 28C4C105157628B4001475A9 /* GSNearPersonTest.m */; };
		28C4C11C15792F39001475A9 /* CoreLocation.framework in Frameworks */ = {isa = PBXBuildFile; fileRef = 28A873AA156CB7DD00138B59 /* CoreLocation.framework */; };
/* End PBXBuildFile section */

/* Begin PBXContainerItemProxy section */
		2819E20315490DE1002DBAED /* PBXContainerItemProxy */ = {
			isa = PBXContainerItemProxy;
			containerPortal = 2819E1D415490DE1002DBAED /* Project object */;
			proxyType = 1;
			remoteGlobalIDString = 2819E1DC15490DE1002DBAED;
			remoteInfo = "group share";
		};
/* End PBXContainerItemProxy section */

/* Begin PBXFileReference section */
		28084520155599AE000690A9 /* AddressBook.framework */ = {isa = PBXFileReference; lastKnownFileType = wrapper.framework; name = AddressBook.framework; path = System/Library/Frameworks/AddressBook.framework; sourceTree = SDKROOT; };
		28084522155599B5000690A9 /* AddressBookUI.framework */ = {isa = PBXFileReference; lastKnownFileType = wrapper.framework; name = AddressBookUI.framework; path = System/Library/Frameworks/AddressBookUI.framework; sourceTree = SDKROOT; };
		2819E1DD15490DE1002DBAED /* group share.app */ = {isa = PBXFileReference; explicitFileType = wrapper.application; includeInIndex = 0; path = "group share.app"; sourceTree = BUILT_PRODUCTS_DIR; };
		2819E1E115490DE1002DBAED /* UIKit.framework */ = {isa = PBXFileReference; lastKnownFileType = wrapper.framework; name = UIKit.framework; path = System/Library/Frameworks/UIKit.framework; sourceTree = SDKROOT; };
		2819E1E315490DE1002DBAED /* Foundation.framework */ = {isa = PBXFileReference; lastKnownFileType = wrapper.framework; name = Foundation.framework; path = System/Library/Frameworks/Foundation.framework; sourceTree = SDKROOT; };
		2819E1E515490DE1002DBAED /* CoreGraphics.framework */ = {isa = PBXFileReference; lastKnownFileType = wrapper.framework; name = CoreGraphics.framework; path = System/Library/Frameworks/CoreGraphics.framework; sourceTree = SDKROOT; };
		2819E1FE15490DE1002DBAED /* group shareTests.octest */ = {isa = PBXFileReference; explicitFileType = wrapper.cfbundle; includeInIndex = 0; path = "group shareTests.octest"; sourceTree = BUILT_PRODUCTS_DIR; };
		2819E1FF15490DE1002DBAED /* SenTestingKit.framework */ = {isa = PBXFileReference; lastKnownFileType = wrapper.framework; name = SenTestingKit.framework; path = Library/Frameworks/SenTestingKit.framework; sourceTree = DEVELOPER_DIR; };
		2819E20715490DE1002DBAED /* group shareTests-Info.plist */ = {isa = PBXFileReference; lastKnownFileType = text.plist.xml; path = "group shareTests-Info.plist"; sourceTree = "<group>"; };
		2819E20915490DE1002DBAED /* en */ = {isa = PBXFileReference; lastKnownFileType = text.plist.strings; name = en; path = en.lproj/InfoPlist.strings; sourceTree = "<group>"; };
		2819E20B15490DE1002DBAED /* group_shareTests.h */ = {isa = PBXFileReference; lastKnownFileType = sourcecode.c.h; path = group_shareTests.h; sourceTree = "<group>"; };
		2819E20C15490DE1002DBAED /* group_shareTests.m */ = {isa = PBXFileReference; lastKnownFileType = sourcecode.c.objc; path = group_shareTests.m; sourceTree = "<group>"; };
		288A221E1564172800BBD2C6 /* en */ = {isa = PBXFileReference; lastKnownFileType = file.xib; name = en; path = en.lproj/GSViewController.xib; sourceTree = "<group>"; };
		288A22201564172800BBD2C6 /* en */ = {isa = PBXFileReference; lastKnownFileType = text.plist.strings; name = en; path = en.lproj/InfoPlist.strings; sourceTree = "<group>"; };
		288A22211564172800BBD2C6 /* group share-Info.plist */ = {isa = PBXFileReference; fileEncoding = 4; lastKnownFileType = text.plist.xml; path = "group share-Info.plist"; sourceTree = "<group>"; };
		288A22221564172800BBD2C6 /* group share-Prefix.pch */ = {isa = PBXFileReference; fileEncoding = 4; lastKnownFileType = sourcecode.c.h; path = "group share-Prefix.pch"; sourceTree = "<group>"; };
		288A22231564172800BBD2C6 /* GSAppDelegate.h */ = {isa = PBXFileReference; fileEncoding = 4; lastKnownFileType = sourcecode.c.h; path = GSAppDelegate.h; sourceTree = "<group>"; };
		288A22241564172800BBD2C6 /* GSAppDelegate.m */ = {isa = PBXFileReference; fileEncoding = 4; lastKnownFileType = sourcecode.c.objc; path = GSAppDelegate.m; sourceTree = "<group>"; };
		288A22281564172800BBD2C6 /* GSViewController.h */ = {isa = PBXFileReference; fileEncoding = 4; lastKnownFileType = sourcecode.c.h; path = GSViewController.h; sourceTree = "<group>"; };
		288A22291564172800BBD2C6 /* GSViewController.m */ = {isa = PBXFileReference; fileEncoding = 4; lastKnownFileType = sourcecode.c.objc; path = GSViewController.m; sourceTree = "<group>"; };
		288A222A1564172800BBD2C6 /* main.m */ = {isa = PBXFileReference; fileEncoding = 4; lastKnownFileType = sourcecode.c.objc; path = main.m; sourceTree = "<group>"; };
		288A22421564C72300BBD2C6 /* ABContact+FindCall.h */ = {isa = PBXFileReference; fileEncoding = 4; lastKnownFileType = sourcecode.c.h; path = "ABContact+FindCall.h"; sourceTree = "<group>"; };
		288A22431564C72300BBD2C6 /* ABContact+FindCall.m */ = {isa = PBXFileReference; fileEncoding = 4; lastKnownFileType = sourcecode.c.objc; path = "ABContact+FindCall.m"; sourceTree = "<group>"; };
		288A22441564C72300BBD2C6 /* ABContact.h */ = {isa = PBXFileReference; fileEncoding = 4; lastKnownFileType = sourcecode.c.h; path = ABContact.h; sourceTree = "<group>"; };
		288A22451564C72300BBD2C6 /* ABContact.m */ = {isa = PBXFileReference; fileEncoding = 4; lastKnownFileType = sourcecode.c.objc; path = ABContact.m; sourceTree = "<group>"; };
		288A22461564C72300BBD2C6 /* ABContactsHelper.h */ = {isa = PBXFileReference; fileEncoding = 4; lastKnownFileType = sourcecode.c.h; path = ABContactsHelper.h; sourceTree = "<group>"; };
		288A22471564C72300BBD2C6 /* ABContactsHelper.m */ = {isa = PBXFileReference; fileEncoding = 4; lastKnownFileType = sourcecode.c.objc; path = ABContactsHelper.m; sourceTree = "<group>"; };
		288A22481564C72300BBD2C6 /* ABContactStringConstants.h */ = {isa = PBXFileReference; fileEncoding = 4; lastKnownFileType = sourcecode.c.h; path = ABContactStringConstants.h; sourceTree = "<group>"; };
		288A22491564C72300BBD2C6 /* ABGroup.h */ = {isa = PBXFileReference; fileEncoding = 4; lastKnownFileType = sourcecode.c.h; path = ABGroup.h; sourceTree = "<group>"; };
		288A224A1564C72300BBD2C6 /* ABGroup.m */ = {isa = PBXFileReference; fileEncoding = 4; lastKnownFileType = sourcecode.c.objc; path = ABGroup.m; sourceTree = "<group>"; };
		288A224B1564C72300BBD2C6 /* Base64.h */ = {isa = PBXFileReference; fileEncoding = 4; lastKnownFileType = sourcecode.c.h; path = Base64.h; sourceTree = "<group>"; };
		288A224C1564C72300BBD2C6 /* Base64.m */ = {isa = PBXFileReference; fileEncoding = 4; lastKnownFileType = sourcecode.c.objc; path = Base64.m; sourceTree = "<group>"; };
		288A224D1564C72300BBD2C6 /* VCard.h */ = {isa = PBXFileReference; fileEncoding = 4; lastKnownFileType = sourcecode.c.h; path = VCard.h; sourceTree = "<group>"; };
		288A224E1564C72300BBD2C6 /* VCard.m */ = {isa = PBXFileReference; fileEncoding = 4; lastKnownFileType = sourcecode.c.objc; path = VCard.m; sourceTree = "<group>"; };
		288A22551564DCB700BBD2C6 /* ABContactsTest.h */ = {isa = PBXFileReference; fileEncoding = 4; lastKnownFileType = sourcecode.c.h; path = ABContactsTest.h; sourceTree = "<group>"; };
		288A22561564DCB700BBD2C6 /* ABContactsTest.m */ = {isa = PBXFileReference; fileEncoding = 4; lastKnownFileType = sourcecode.c.objc; path = ABContactsTest.m; sourceTree = "<group>"; };
		288A225C1564E9F800BBD2C6 /* AWSiOSSDK.framework */ = {isa = PBXFileReference; lastKnownFileType = wrapper.framework; name = AWSiOSSDK.framework; path = "../aws-ios-sdk-1.3.0/AWSiOSSDK.framework"; sourceTree = "<group>"; };
		288A225F1564EDCB00BBD2C6 /* recive.png */ = {isa = PBXFileReference; lastKnownFileType = image.png; path = recive.png; sourceTree = SOURCE_ROOT; };
		288A227215656D0400BBD2C6 /* AWSConstants.h */ = {isa = PBXFileReference; fileEncoding = 4; lastKnownFileType = sourcecode.c.h; name = AWSConstants.h; path = "group share/AWSConstants.h"; sourceTree = "<group>"; };
		288A227315656D3E00BBD2C6 /* AWSConstants.m */ = {isa = PBXFileReference; fileEncoding = 4; lastKnownFileType = sourcecode.c.objc; name = AWSConstants.m; path = "group share/AWSConstants.m"; sourceTree = "<group>"; };
		288A228915669A9600BBD2C6 /* AsyncUploader.h */ = {isa = PBXFileReference; fileEncoding = 4; lastKnownFileType = sourcecode.c.h; path = AsyncUploader.h; sourceTree = "<group>"; };
		288A228A15669A9600BBD2C6 /* AsyncUploader.m */ = {isa = PBXFileReference; fileEncoding = 4; lastKnownFileType = sourcecode.c.objc; path = AsyncUploader.m; sourceTree = "<group>"; };
		288A228D15669B0800BBD2C6 /* AsyncDownloader.h */ = {isa = PBXFileReference; fileEncoding = 4; lastKnownFileType = sourcecode.c.h; path = AsyncDownloader.h; sourceTree = "<group>"; };
		288A228E15669B0800BBD2C6 /* AsyncDownloader.m */ = {isa = PBXFileReference; fileEncoding = 4; lastKnownFileType = sourcecode.c.objc; path = AsyncDownloader.m; sourceTree = "<group>"; };
		28A8739E156CAADE00138B59 /* GSAsyncCreateItem.h */ = {isa = PBXFileReference; fileEncoding = 4; lastKnownFileType = sourcecode.c.h; path = GSAsyncCreateItem.h; sourceTree = "<group>"; };
		28A8739F156CAADE00138B59 /* GSAsyncCreateItem.m */ = {isa = PBXFileReference; fileEncoding = 4; lastKnownFileType = sourcecode.c.objc; path = GSAsyncCreateItem.m; sourceTree = "<group>"; };
		28A873AA156CB7DD00138B59 /* CoreLocation.framework */ = {isa = PBXFileReference; lastKnownFileType = wrapper.framework; name = CoreLocation.framework; path = System/Library/Frameworks/CoreLocation.framework; sourceTree = SDKROOT; };
		28C4C0E91570B9F1001475A9 /* GSGPSController.h */ = {isa = PBXFileReference; fileEncoding = 4; lastKnownFileType = sourcecode.c.h; path = GSGPSController.h; sourceTree = "<group>"; };
		28C4C0EA1570B9F1001475A9 /* GSGPSController.m */ = {isa = PBXFileReference; fileEncoding = 4; lastKnownFileType = sourcecode.c.objc; path = GSGPSController.m; sourceTree = "<group>"; };
		28C4C0F91574C431001475A9 /* GSNearPerson.h */ = {isa = PBXFileReference; fileEncoding = 4; lastKnownFileType = sourcecode.c.h; path = GSNearPerson.h; sourceTree = "<group>"; };
		28C4C0FA1574C431001475A9 /* GSNearPerson.m */ = {isa = PBXFileReference; fileEncoding = 4; lastKnownFileType = sourcecode.c.objc; path = GSNearPerson.m; sourceTree = "<group>"; };
		28C4C10115753387001475A9 /* AmazonClientManager.h */ = {isa = PBXFileReference; fileEncoding = 4; lastKnownFileType = sourcecode.c.h; name = AmazonClientManager.h; path = "group share/AmazonClientManager.h"; sourceTree = "<group>"; };
		28C4C10215753387001475A9 /* AmazonClientManager.m */ = {isa = PBXFileReference; fileEncoding = 4; lastKnownFileType = sourcecode.c.objc; name = AmazonClientManager.m; path = "group share/AmazonClientManager.m"; sourceTree = "<group>"; };
		28C4C104157628B4001475A9 /* GSNearPersonTest.h */ = {isa = PBXFileReference; fileEncoding = 4; lastKnownFileType = sourcecode.c.h; path = GSNearPersonTest.h; sourceTree = "<group>"; };
		28C4C105157628B4001475A9 /* GSNearPersonTest.m */ = {isa = PBXFileReference; fileEncoding = 4; lastKnownFileType = sourcecode.c.objc; path = GSNearPersonTest.m; sourceTree = "<group>"; };
/* End PBXFileReference section */

/* Begin PBXFrameworksBuildPhase section */
		2819E1DA15490DE1002DBAED /* Frameworks */ = {
			isa = PBXFrameworksBuildPhase;
			buildActionMask = 2147483647;
			files = (
				28A873AB156CB7DD00138B59 /* CoreLocation.framework in Frameworks */,
				288A225D1564E9F800BBD2C6 /* AWSiOSSDK.framework in Frameworks */,
				28084523155599B5000690A9 /* AddressBookUI.framework in Frameworks */,
				28084521155599AE000690A9 /* AddressBook.framework in Frameworks */,
				2819E1E215490DE1002DBAED /* UIKit.framework in Frameworks */,
				2819E1E415490DE1002DBAED /* Foundation.framework in Frameworks */,
				2819E1E615490DE1002DBAED /* CoreGraphics.framework in Frameworks */,
			);
			runOnlyForDeploymentPostprocessing = 0;
		};
		2819E1FA15490DE1002DBAED /* Frameworks */ = {
			isa = PBXFrameworksBuildPhase;
			buildActionMask = 2147483647;
			files = (
				2819E20015490DE1002DBAED /* SenTestingKit.framework in Frameworks */,
				2819E20115490DE1002DBAED /* UIKit.framework in Frameworks */,
				2819E20215490DE1002DBAED /* Foundation.framework in Frameworks */,
				288A22191564146400BBD2C6 /* AddressBook.framework in Frameworks */,
				288A221B1564146900BBD2C6 /* AddressBookUI.framework in Frameworks */,
				288A225E1564EA1300BBD2C6 /* AWSiOSSDK.framework in Frameworks */,
				28C4C11C15792F39001475A9 /* CoreLocation.framework in Frameworks */,
			);
			runOnlyForDeploymentPostprocessing = 0;
		};
/* End PBXFrameworksBuildPhase section */

/* Begin PBXGroup section */
		2819E1D215490DE1002DBAED = {
			isa = PBXGroup;
			children = (
				288A227115656C7D00BBD2C6 /* AWSHelper */,
				288A22411564C72300BBD2C6 /* ABContactHelper */,
				288A221C1564172800BBD2C6 /* group share */,
				2819E20515490DE1002DBAED /* group shareTests */,
				2819E1E015490DE1002DBAED /* Frameworks */,
				2819E1DE15490DE1002DBAED /* Products */,
			);
			sourceTree = "<group>";
		};
		2819E1DE15490DE1002DBAED /* Products */ = {
			isa = PBXGroup;
			children = (
				2819E1DD15490DE1002DBAED /* group share.app */,
				2819E1FE15490DE1002DBAED /* group shareTests.octest */,
			);
			name = Products;
			sourceTree = "<group>";
		};
		2819E1E015490DE1002DBAED /* Frameworks */ = {
			isa = PBXGroup;
			children = (
				28A873AA156CB7DD00138B59 /* CoreLocation.framework */,
				288A225C1564E9F800BBD2C6 /* AWSiOSSDK.framework */,
				28084520155599AE000690A9 /* AddressBook.framework */,
				28084522155599B5000690A9 /* AddressBookUI.framework */,
				2819E1E115490DE1002DBAED /* UIKit.framework */,
				2819E1E315490DE1002DBAED /* Foundation.framework */,
				2819E1E515490DE1002DBAED /* CoreGraphics.framework */,
				2819E1FF15490DE1002DBAED /* SenTestingKit.framework */,
			);
			name = Frameworks;
			sourceTree = "<group>";
		};
		2819E20515490DE1002DBAED /* group shareTests */ = {
			isa = PBXGroup;
			children = (
				2819E20B15490DE1002DBAED /* group_shareTests.h */,
				2819E20C15490DE1002DBAED /* group_shareTests.m */,
				28C4C104157628B4001475A9 /* GSNearPersonTest.h */,
				28C4C105157628B4001475A9 /* GSNearPersonTest.m */,
				288A22551564DCB700BBD2C6 /* ABContactsTest.h */,
				288A22561564DCB700BBD2C6 /* ABContactsTest.m */,
				2819E20615490DE1002DBAED /* Supporting Files */,
			);
			path = "group shareTests";
			sourceTree = SOURCE_ROOT;
		};
		2819E20615490DE1002DBAED /* Supporting Files */ = {
			isa = PBXGroup;
			children = (
				2819E20715490DE1002DBAED /* group shareTests-Info.plist */,
				2819E20815490DE1002DBAED /* InfoPlist.strings */,
			);
			name = "Supporting Files";
			sourceTree = "<group>";
		};
		288A221C1564172800BBD2C6 /* group share */ = {
			isa = PBXGroup;
			children = (
				288A221D1564172800BBD2C6 /* GSViewController.xib */,
				288A22231564172800BBD2C6 /* GSAppDelegate.h */,
				288A22241564172800BBD2C6 /* GSAppDelegate.m */,
				288A22281564172800BBD2C6 /* GSViewController.h */,
				288A22291564172800BBD2C6 /* GSViewController.m */,
				288A228D15669B0800BBD2C6 /* AsyncDownloader.h */,
				288A228E15669B0800BBD2C6 /* AsyncDownloader.m */,
				288A228915669A9600BBD2C6 /* AsyncUploader.h */,
				288A228A15669A9600BBD2C6 /* AsyncUploader.m */,
				28C4C0F91574C431001475A9 /* GSNearPerson.h */,
				28C4C0FA1574C431001475A9 /* GSNearPerson.m */,
				28C4C0E91570B9F1001475A9 /* GSGPSController.h */,
				28C4C0EA1570B9F1001475A9 /* GSGPSController.m */,
				28A8739E156CAADE00138B59 /* GSAsyncCreateItem.h */,
				28A8739F156CAADE00138B59 /* GSAsyncCreateItem.m */,
				288A22361564188800BBD2C6 /* Supporting Files */,
			);
			path = "group share";
			sourceTree = "<group>";
		};
		288A22361564188800BBD2C6 /* Supporting Files */ = {
			isa = PBXGroup;
			children = (
				288A22221564172800BBD2C6 /* group share-Prefix.pch */,
				288A221F1564172800BBD2C6 /* InfoPlist.strings */,
				288A225F1564EDCB00BBD2C6 /* recive.png */,
				288A22211564172800BBD2C6 /* group share-Info.plist */,
				288A222A1564172800BBD2C6 /* main.m */,
			);
			name = "Supporting Files";
			sourceTree = "<group>";
		};
		288A22411564C72300BBD2C6 /* ABContactHelper */ = {
			isa = PBXGroup;
			children = (
				288A22421564C72300BBD2C6 /* ABContact+FindCall.h */,
				288A22431564C72300BBD2C6 /* ABContact+FindCall.m */,
				288A22441564C72300BBD2C6 /* ABContact.h */,
				288A22451564C72300BBD2C6 /* ABContact.m */,
				288A22461564C72300BBD2C6 /* ABContactsHelper.h */,
				288A22471564C72300BBD2C6 /* ABContactsHelper.m */,
				288A22481564C72300BBD2C6 /* ABContactStringConstants.h */,
				288A22491564C72300BBD2C6 /* ABGroup.h */,
				288A224A1564C72300BBD2C6 /* ABGroup.m */,
				288A224B1564C72300BBD2C6 /* Base64.h */,
				288A224C1564C72300BBD2C6 /* Base64.m */,
				288A224D1564C72300BBD2C6 /* VCard.h */,
				288A224E1564C72300BBD2C6 /* VCard.m */,
			);
			path = ABContactHelper;
			sourceTree = "<group>";
		};
		288A227115656C7D00BBD2C6 /* AWSHelper */ = {
			isa = PBXGroup;
			children = (
				28C4C10115753387001475A9 /* AmazonClientManager.h */,
				28C4C10215753387001475A9 /* AmazonClientManager.m */,
				288A227215656D0400BBD2C6 /* AWSConstants.h */,
				288A227315656D3E00BBD2C6 /* AWSConstants.m */,
			);
			name = AWSHelper;
			sourceTree = "<group>";
		};
/* End PBXGroup section */

/* Begin PBXNativeTarget section */
		2819E1DC15490DE1002DBAED /* group share */ = {
			isa = PBXNativeTarget;
			buildConfigurationList = 2819E21015490DE1002DBAED /* Build configuration list for PBXNativeTarget "group share" */;
			buildPhases = (
				2819E1D915490DE1002DBAED /* Sources */,
				2819E1DA15490DE1002DBAED /* Frameworks */,
				2819E1DB15490DE1002DBAED /* Resources */,
			);
			buildRules = (
			);
			dependencies = (
			);
			name = "group share";
			productName = "group share";
			productReference = 2819E1DD15490DE1002DBAED /* group share.app */;
			productType = "com.apple.product-type.application";
		};
		2819E1FD15490DE1002DBAED /* group shareTests */ = {
			isa = PBXNativeTarget;
			buildConfigurationList = 2819E21315490DE1002DBAED /* Build configuration list for PBXNativeTarget "group shareTests" */;
			buildPhases = (
				2819E1F915490DE1002DBAED /* Sources */,
				2819E1FA15490DE1002DBAED /* Frameworks */,
				2819E1FB15490DE1002DBAED /* Resources */,
				2819E1FC15490DE1002DBAED /* ShellScript */,
			);
			buildRules = (
			);
			dependencies = (
				2819E20415490DE1002DBAED /* PBXTargetDependency */,
			);
			name = "group shareTests";
			productName = "group shareTests";
			productReference = 2819E1FE15490DE1002DBAED /* group shareTests.octest */;
			productType = "com.apple.product-type.bundle";
		};
/* End PBXNativeTarget section */

/* Begin PBXProject section */
		2819E1D415490DE1002DBAED /* Project object */ = {
			isa = PBXProject;
			attributes = {
				CLASSPREFIX = GS;
				LastUpgradeCheck = 0430;
			};
			buildConfigurationList = 2819E1D715490DE1002DBAED /* Build configuration list for PBXProject "group share" */;
			compatibilityVersion = "Xcode 3.2";
			developmentRegion = English;
			hasScannedForEncodings = 0;
			knownRegions = (
				en,
			);
			mainGroup = 2819E1D215490DE1002DBAED;
			productRefGroup = 2819E1DE15490DE1002DBAED /* Products */;
			projectDirPath = "";
			projectRoot = "";
			targets = (
				2819E1DC15490DE1002DBAED /* group share */,
				2819E1FD15490DE1002DBAED /* group shareTests */,
			);
		};
/* End PBXProject section */

/* Begin PBXResourcesBuildPhase section */
		2819E1DB15490DE1002DBAED /* Resources */ = {
			isa = PBXResourcesBuildPhase;
			buildActionMask = 2147483647;
			files = (
				288A222B1564172800BBD2C6 /* GSViewController.xib in Resources */,
				288A222C1564172800BBD2C6 /* InfoPlist.strings in Resources */,
				288A22601564EDCB00BBD2C6 /* recive.png in Resources */,
			);
			runOnlyForDeploymentPostprocessing = 0;
		};
		2819E1FB15490DE1002DBAED /* Resources */ = {
			isa = PBXResourcesBuildPhase;
			buildActionMask = 2147483647;
			files = (
				2819E20A15490DE1002DBAED /* InfoPlist.strings in Resources */,
			);
			runOnlyForDeploymentPostprocessing = 0;
		};
/* End PBXResourcesBuildPhase section */

/* Begin PBXShellScriptBuildPhase section */
		2819E1FC15490DE1002DBAED /* ShellScript */ = {
			isa = PBXShellScriptBuildPhase;
			buildActionMask = 2147483647;
			files = (
			);
			inputPaths = (
			);
			outputPaths = (
			);
			runOnlyForDeploymentPostprocessing = 0;
			shellPath = /bin/sh;
			shellScript = "# Run the unit tests in this test bundle.\n\"${SYSTEM_DEVELOPER_DIR}/Tools/RunUnitTests\"\n";
		};
/* End PBXShellScriptBuildPhase section */

/* Begin PBXSourcesBuildPhase section */
		2819E1D915490DE1002DBAED /* Sources */ = {
			isa = PBXSourcesBuildPhase;
			buildActionMask = 2147483647;
			files = (
				288A222E1564172800BBD2C6 /* GSAppDelegate.m in Sources */,
				288A22301564172800BBD2C6 /* GSViewController.m in Sources */,
				288A22311564172800BBD2C6 /* main.m in Sources */,
				288A224F1564C72300BBD2C6 /* ABContact+FindCall.m in Sources */,
				288A22501564C72300BBD2C6 /* ABContact.m in Sources */,
				288A22511564C72300BBD2C6 /* ABContactsHelper.m in Sources */,
				288A22521564C72300BBD2C6 /* ABGroup.m in Sources */,
				288A22531564C72300BBD2C6 /* Base64.m in Sources */,
				288A22541564C72300BBD2C6 /* VCard.m in Sources */,
				288A227415656D3E00BBD2C6 /* AWSConstants.m in Sources */,
				288A228B15669A9600BBD2C6 /* AsyncUploader.m in Sources */,
				288A228F15669B0800BBD2C6 /* AsyncDownloader.m in Sources */,
				28A873A0156CAADE00138B59 /* GSAsyncCreateItem.m in Sources */,
				28C4C0EB1570B9F1001475A9 /* GSGPSController.m in Sources */,
				28C4C0FB1574C432001475A9 /* GSNearPerson.m in Sources */,
				28C4C10315753387001475A9 /* AmazonClientManager.m in Sources */,
			);
			runOnlyForDeploymentPostprocessing = 0;
		};
		2819E1F915490DE1002DBAED /* Sources */ = {
			isa = PBXSourcesBuildPhase;
			buildActionMask = 2147483647;
			files = (
				2819E20D15490DE1002DBAED /* group_shareTests.m in Sources */,
				288A22571564DCB700BBD2C6 /* ABContactsTest.m in Sources */,
				28C4C106157628B4001475A9 /* GSNearPersonTest.m in Sources */,
			);
			runOnlyForDeploymentPostprocessing = 0;
		};
/* End PBXSourcesBuildPhase section */

/* Begin PBXTargetDependency section */
		2819E20415490DE1002DBAED /* PBXTargetDependency */ = {
			isa = PBXTargetDependency;
			target = 2819E1DC15490DE1002DBAED /* group share */;
			targetProxy = 2819E20315490DE1002DBAED /* PBXContainerItemProxy */;
		};
/* End PBXTargetDependency section */

/* Begin PBXVariantGroup section */
		2819E20815490DE1002DBAED /* InfoPlist.strings */ = {
			isa = PBXVariantGroup;
			children = (
				2819E20915490DE1002DBAED /* en */,
			);
			name = InfoPlist.strings;
			sourceTree = "<group>";
		};
		288A221D1564172800BBD2C6 /* GSViewController.xib */ = {
			isa = PBXVariantGroup;
			children = (
				288A221E1564172800BBD2C6 /* en */,
			);
			name = GSViewController.xib;
			sourceTree = "<group>";
		};
		288A221F1564172800BBD2C6 /* InfoPlist.strings */ = {
			isa = PBXVariantGroup;
			children = (
				288A22201564172800BBD2C6 /* en */,
			);
			name = InfoPlist.strings;
			sourceTree = "<group>";
		};
/* End PBXVariantGroup section */

/* Begin XCBuildConfiguration section */
		2819E20E15490DE1002DBAED /* Debug */ = {
			isa = XCBuildConfiguration;
			buildSettings = {
				ALWAYS_SEARCH_USER_PATHS = NO;
				ARCHS = "$(ARCHS_STANDARD_32_BIT)";
				"CODE_SIGN_IDENTITY[sdk=iphoneos*]" = "iPhone Developer";
				COPY_PHASE_STRIP = NO;
				GCC_C_LANGUAGE_STANDARD = gnu99;
				GCC_DYNAMIC_NO_PIC = NO;
				GCC_OPTIMIZATION_LEVEL = 0;
				GCC_PREPROCESSOR_DEFINITIONS = (
					"DEBUG=1",
					"$(inherited)",
				);
				GCC_SYMBOLS_PRIVATE_EXTERN = NO;
				GCC_VERSION = com.apple.compilers.llvm.clang.1_0;
				GCC_WARN_ABOUT_RETURN_TYPE = YES;
				GCC_WARN_UNINITIALIZED_AUTOS = YES;
				GCC_WARN_UNUSED_VARIABLE = YES;
				IPHONEOS_DEPLOYMENT_TARGET = 5.1;
				SDKROOT = iphoneos;
			};
			name = Debug;
		};
		2819E20F15490DE1002DBAED /* Release */ = {
			isa = XCBuildConfiguration;
			buildSettings = {
				ALWAYS_SEARCH_USER_PATHS = NO;
				ARCHS = "$(ARCHS_STANDARD_32_BIT)";
				"CODE_SIGN_IDENTITY[sdk=iphoneos*]" = "iPhone Developer";
				COPY_PHASE_STRIP = YES;
				GCC_C_LANGUAGE_STANDARD = gnu99;
				GCC_VERSION = com.apple.compilers.llvm.clang.1_0;
				GCC_WARN_ABOUT_RETURN_TYPE = YES;
				GCC_WARN_UNINITIALIZED_AUTOS = YES;
				GCC_WARN_UNUSED_VARIABLE = YES;
				IPHONEOS_DEPLOYMENT_TARGET = 5.1;
				OTHER_CFLAGS = "-DNS_BLOCK_ASSERTIONS=1";
				SDKROOT = iphoneos;
				VALIDATE_PRODUCT = YES;
			};
			name = Release;
		};
		2819E21115490DE1002DBAED /* Debug */ = {
			isa = XCBuildConfiguration;
			buildSettings = {
				FRAMEWORK_SEARCH_PATHS = (
					"$(inherited)",
					"\"$(SRCROOT)/../aws-ios-sdk-1.2.2\"",
				);
				GCC_PRECOMPILE_PREFIX_HEADER = YES;
				GCC_PREFIX_HEADER = "group share/group share-Prefix.pch";
				INFOPLIST_FILE = "group share/group share-Info.plist";
				IPHONEOS_DEPLOYMENT_TARGET = 4.3;
				PRODUCT_NAME = "$(TARGET_NAME)";
				WRAPPER_EXTENSION = app;
			};
			name = Debug;
		};
		2819E21215490DE1002DBAED /* Release */ = {
			isa = XCBuildConfiguration;
			buildSettings = {
				FRAMEWORK_SEARCH_PATHS = (
					"$(inherited)",
					"\"$(SRCROOT)/../aws-ios-sdk-1.2.2\"",
				);
				GCC_PRECOMPILE_PREFIX_HEADER = YES;
				GCC_PREFIX_HEADER = "group share/group share-Prefix.pch";
				INFOPLIST_FILE = "group share/group share-Info.plist";
				IPHONEOS_DEPLOYMENT_TARGET = 4.3;
				PRODUCT_NAME = "$(TARGET_NAME)";
				WRAPPER_EXTENSION = app;
			};
			name = Release;
		};
		2819E21415490DE1002DBAED /* Debug */ = {
			isa = XCBuildConfiguration;
			buildSettings = {
				BUNDLE_LOADER = "$(BUILT_PRODUCTS_DIR)/group share.app/group share";
				FRAMEWORK_SEARCH_PATHS = (
					"$(SDKROOT)/Developer/Library/Frameworks",
					"$(DEVELOPER_LIBRARY_DIR)/Frameworks",
					"\"$(SRCROOT)/../aws-ios-sdk-1.2.2\"",
				);
				GCC_PRECOMPILE_PREFIX_HEADER = YES;
				GCC_PREFIX_HEADER = "group share/group share-Prefix.pch";
				INFOPLIST_FILE = "group shareTests/group shareTests-Info.plist";
				PRODUCT_NAME = "$(TARGET_NAME)";
				TEST_HOST = "$(BUNDLE_LOADER)";
				WRAPPER_EXTENSION = octest;
			};
			name = Debug;
		};
		2819E21515490DE1002DBAED /* Release */ = {
			isa = XCBuildConfiguration;
			buildSettings = {
				BUNDLE_LOADER = "$(BUILT_PRODUCTS_DIR)/group share.app/group share";
				FRAMEWORK_SEARCH_PATHS = (
					"$(SDKROOT)/Developer/Library/Frameworks",
					"$(DEVELOPER_LIBRARY_DIR)/Frameworks",
					"\"$(SRCROOT)/../aws-ios-sdk-1.2.2\"",
				);
				GCC_PRECOMPILE_PREFIX_HEADER = YES;
				GCC_PREFIX_HEADER = "group share/group share-Prefix.pch";
				INFOPLIST_FILE = "group shareTests/group shareTests-Info.plist";
				PRODUCT_NAME = "$(TARGET_NAME)";
				TEST_HOST = "$(BUNDLE_LOADER)";
				WRAPPER_EXTENSION = octest;
			};
			name = Release;
		};
/* End XCBuildConfiguration section */

/* Begin XCConfigurationList section */
		2819E1D715490DE1002DBAED /* Build configuration list for PBXProject "group share" */ = {
			isa = XCConfigurationList;
			buildConfigurations = (
				2819E20E15490DE1002DBAED /* Debug */,
				2819E20F15490DE1002DBAED /* Release */,
			);
			defaultConfigurationIsVisible = 0;
			defaultConfigurationName = Release;
		};
		2819E21015490DE1002DBAED /* Build configuration list for PBXNativeTarget "group share" */ = {
			isa = XCConfigurationList;
			buildConfigurations = (
				2819E21115490DE1002DBAED /* Debug */,
				2819E21215490DE1002DBAED /* Release */,
			);
			defaultConfigurationIsVisible = 0;
			defaultConfigurationName = Release;
		};
		2819E21315490DE1002DBAED /* Build configuration list for PBXNativeTarget "group shareTests" */ = {
			isa = XCConfigurationList;
			buildConfigurations = (
				2819E21415490DE1002DBAED /* Debug */,
				2819E21515490DE1002DBAED /* Release */,
			);
			defaultConfigurationIsVisible = 0;
			defaultConfigurationName = Release;
		};
/* End XCConfigurationList section */
	};
	rootObject = 2819E1D415490DE1002DBAED /* Project object */;
}
